
Microsoft Visual Studio Solution File, Format Version 12.00
# Visual Studio 2012
Project("{8BC9CEB8-8B4A-11D0-8D11-00A0C91BC942}") = "Harj24", "Harj24\Harj24.vcxproj", "{F481A269-8988-4D9C-BB99-F8E81930F93E}"
EndProject
Global
	GlobalSection(SolutionConfigurationPlatforms) = preSolution
		Debug|Win32 = Debug|Win32
		Release|Win32 = Release|Win32
	EndGlobalSection
	GlobalSection(ProjectConfigurationPlatforms) = postSolution
		{F481A269-8988-4D9C-BB99-F8E81930F93E}.Debug|Win32.ActiveCfg = Debug|Win32
		{F481A269-8988-4D9C-BB99-F8E81930F93E}.Debug|Win32.Build.0 = Debug|Win32
		{F481A269-8988-4D9C-BB99-F8E81930F93E}.Release|Win32.ActiveCfg = Release|Win32
		{F481A269-8988-4D9C-BB99-F8E81930F93E}.Release|Win32.Build.0 = Release|Win32
	EndGlobalSection
	GlobalSection(SolutionProperties) = preSolution
		HideSolutionNode = FALSE
	EndGlobalSection
EndGlobal
